<Solution>
  <Folder Name="/src/">
    <Project Path="src/WinCCDashboard.Web/WinCCDashboard.Web.csproj" />
    <Project Path="src/WinCCDashboard.Worker/WinCCDashboard.Worker.csproj" />
    <Project Path="src/WinCCDashboard.Domain/WinCCDashboard.Domain.csproj" />
    <Project Path="src/WinCCDashboard.Application/WinCCDashboard.Application.csproj" />
    <Project Path="src/WinCCDashboard.Infrastructure/WinCCDashboard.Infrastructure.csproj" />
  </Folder>
</Solution>